
Microsoft Visual Studio Solution File, Format Version 12.00
# Visual Studio Version 16
VisualStudioVersion = 16.0.28803.202
MinimumVisualStudioVersion = 10.0.40219.1
Project("{8BC9CEB8-8B4A-11D0-8D11-00A0C91BC942}") = "C", "C\C.vcxproj", "{B6D5448B-C889-4302-8EB0-E20C0DBEDE73}"
EndProject
Project("{8BC9CEB8-8B4A-11D0-8D11-00A0C91BC942}") = "C++", "C++\C++.vcxproj", "{910D2F33-949A-4ECD-A242-0DB9BC70AB3A}"
EndProject
Project("{9A19103F-16F7-4668-BE54-9A1E7A4F7556}") = "CSharp", "CSharp\CSharp.csproj", "{12B991A2-EF24-4E02-9A90-6FC1D7FD9E05}"
EndProject
Global
	GlobalSection(SolutionConfigurationPlatforms) = preSolution
		Debug|Any CPU = Debug|Any CPU
		Debug|x64 = Debug|x64
		Debug|x86 = Debug|x86
		Release|Any CPU = Release|Any CPU
		Release|x64 = Release|x64
		Release|x86 = Release|x86
	EndGlobalSection
	GlobalSection(ProjectConfigurationPlatforms) = postSolution
		{B6D5448B-C889-4302-8EB0-E20C0DBEDE73}.Debug|Any CPU.ActiveCfg = Debug|Win32
		{B6D5448B-C889-4302-8EB0-E20C0DBEDE73}.Debug|x64.ActiveCfg = Debug|x64
		{B6D5448B-C889-4302-8EB0-E20C0DBEDE73}.Debug|x64.Build.0 = Debug|x64
		{B6D5448B-C889-4302-8EB0-E20C0DBEDE73}.Debug|x86.ActiveCfg = Debug|Win32
		{B6D5448B-C889-4302-8EB0-E20C0DBEDE73}.Debug|x86.Build.0 = Debug|Win32
		{B6D5448B-C889-4302-8EB0-E20C0DBEDE73}.Release|Any CPU.ActiveCfg = Release|Win32
		{B6D5448B-C889-4302-8EB0-E20C0DBEDE73}.Release|x64.ActiveCfg = Release|x64
		{B6D5448B-C889-4302-8EB0-E20C0DBEDE73}.Release|x64.Build.0 = Release|x64
		{B6D5448B-C889-4302-8EB0-E20C0DBEDE73}.Release|x86.ActiveCfg = Release|Win32
		{B6D5448B-C889-4302-8EB0-E20C0DBEDE73}.Release|x86.Build.0 = Release|Win32
		{910D2F33-949A-4ECD-A242-0DB9BC70AB3A}.Debug|Any CPU.ActiveCfg = Debug|Win32
		{910D2F33-949A-4ECD-A242-0DB9BC70AB3A}.Debug|x64.ActiveCfg = Debug|x64
		{910D2F33-949A-4ECD-A242-0DB9BC70AB3A}.Debug|x64.Build.0 = Debug|x64
		{910D2F33-949A-4ECD-A242-0DB9BC70AB3A}.Debug|x86.ActiveCfg = Debug|Win32
		{910D2F33-949A-4ECD-A242-0DB9BC70AB3A}.Debug|x86.Build.0 = Debug|Win32
		{910D2F33-949A-4ECD-A242-0DB9BC70AB3A}.Release|Any CPU.ActiveCfg = Release|Win32
		{910D2F33-949A-4ECD-A242-0DB9BC70AB3A}.Release|x64.ActiveCfg = Release|x64
		{910D2F33-949A-4ECD-A242-0DB9BC70AB3A}.Release|x64.Build.0 = Release|x64
		{910D2F33-949A-4ECD-A242-0DB9BC70AB3A}.Release|x86.ActiveCfg = Release|Win32
		{910D2F33-949A-4ECD-A242-0DB9BC70AB3A}.Release|x86.Build.0 = Release|Win32
		{12B991A2-EF24-4E02-9A90-6FC1D7FD9E05}.Debug|Any CPU.ActiveCfg = Debug|Any CPU
		{12B991A2-EF24-4E02-9A90-6FC1D7FD9E05}.Debug|Any CPU.Build.0 = Debug|Any CPU
		{12B991A2-EF24-4E02-9A90-6FC1D7FD9E05}.Debug|x64.ActiveCfg = Debug|Any CPU
		{12B991A2-EF24-4E02-9A90-6FC1D7FD9E05}.Debug|x64.Build.0 = Debug|Any CPU
		{12B991A2-EF24-4E02-9A90-6FC1D7FD9E05}.Debug|x86.ActiveCfg = Debug|Any CPU
		{12B991A2-EF24-4E02-9A90-6FC1D7FD9E05}.Debug|x86.Build.0 = Debug|Any CPU
		{12B991A2-EF24-4E02-9A90-6FC1D7FD9E05}.Release|Any CPU.ActiveCfg = Release|Any CPU
		{12B991A2-EF24-4E02-9A90-6FC1D7FD9E05}.Release|Any CPU.Build.0 = Release|Any CPU
		{12B991A2-EF24-4E02-9A90-6FC1D7FD9E05}.Release|x64.ActiveCfg = Release|Any CPU
		{12B991A2-EF24-4E02-9A90-6FC1D7FD9E05}.Release|x64.Build.0 = Release|Any CPU
		{12B991A2-EF24-4E02-9A90-6FC1D7FD9E05}.Release|x86.ActiveCfg = Release|Any CPU
		{12B991A2-EF24-4E02-9A90-6FC1D7FD9E05}.Release|x86.Build.0 = Release|Any CPU
	EndGlobalSection
	GlobalSection(SolutionProperties) = preSolution
		HideSolutionNode = FALSE
	EndGlobalSection
	GlobalSection(ExtensibilityGlobals) = postSolution
		SolutionGuid = {25DD47E5-D3BE-4575-A0E7-0ACA170D3986}
	EndGlobalSection
EndGlobal
